
Microsoft Visual Studio Solution File, Format Version 12.00
# Visual Studio Version 16
VisualStudioVersion = 16.0.29613.14
MinimumVisualStudioVersion = 10.0.40219.1
Project("{FAE04EC0-301F-11D3-BF4B-00C04F79EFBC}") = "SmartHub", "SmartHub.csproj", "{96C2920C-FB05-48A4-8152-FBA624CA58B8}"
EndProject
Project("{2150E333-8FDC-42A3-9474-1A3956D46DE8}") = "Solution Items", "Solution Items", "{8E8DD34F-14B3-464B-BFA6-B6365C72EBBD}"
EndProject
Project("{FAE04EC0-301F-11D3-BF4B-00C04F79EFBC}") = "BusinessLayerProject", "BusinessLayerProject\BusinessLayerProject.csproj", "{0D2DA3D6-9A86-4833-A053-C42002C8099B}"
	ProjectSection(ProjectDependencies) = postProject
		{A7436F21-38CB-4877-AD32-C332F343F0AF} = {A7436F21-38CB-4877-AD32-C332F343F0AF}
	EndProjectSection
EndProject
Project("{FAE04EC0-301F-11D3-BF4B-00C04F79EFBC}") = "DataLayerProject", "DataLayerProject\DataLayerProject.csproj", "{F6A2F2EB-F4D5-4205-9923-8B05341576DD}"
EndProject
Project("{FAE04EC0-301F-11D3-BF4B-00C04F79EFBC}") = "ModelProject", "ModelProject\ModelProject.csproj", "{D0329ADC-18D1-4254-9509-C079B7CC4798}"
EndProject
Project("{FAE04EC0-301F-11D3-BF4B-00C04F79EFBC}") = "PatientLookUp", "..\PatientLookUp\PatientLookUp.csproj", "{A7436F21-38CB-4877-AD32-C332F343F0AF}"
EndProject
Global
	GlobalSection(SolutionConfigurationPlatforms) = preSolution
		Debug|Any CPU = Debug|Any CPU
		Release|Any CPU = Release|Any CPU
	EndGlobalSection
	GlobalSection(ProjectConfigurationPlatforms) = postSolution
		{96C2920C-FB05-48A4-8152-FBA624CA58B8}.Debug|Any CPU.ActiveCfg = Debug|Any CPU
		{96C2920C-FB05-48A4-8152-FBA624CA58B8}.Debug|Any CPU.Build.0 = Debug|Any CPU
		{96C2920C-FB05-48A4-8152-FBA624CA58B8}.Release|Any CPU.ActiveCfg = Release|Any CPU
		{96C2920C-FB05-48A4-8152-FBA624CA58B8}.Release|Any CPU.Build.0 = Release|Any CPU
		{0D2DA3D6-9A86-4833-A053-C42002C8099B}.Debug|Any CPU.ActiveCfg = Debug|Any CPU
		{0D2DA3D6-9A86-4833-A053-C42002C8099B}.Debug|Any CPU.Build.0 = Debug|Any CPU
		{0D2DA3D6-9A86-4833-A053-C42002C8099B}.Release|Any CPU.ActiveCfg = Release|Any CPU
		{0D2DA3D6-9A86-4833-A053-C42002C8099B}.Release|Any CPU.Build.0 = Release|Any CPU
		{F6A2F2EB-F4D5-4205-9923-8B05341576DD}.Debug|Any CPU.ActiveCfg = Debug|Any CPU
		{F6A2F2EB-F4D5-4205-9923-8B05341576DD}.Debug|Any CPU.Build.0 = Debug|Any CPU
		{F6A2F2EB-F4D5-4205-9923-8B05341576DD}.Release|Any CPU.ActiveCfg = Release|Any CPU
		{F6A2F2EB-F4D5-4205-9923-8B05341576DD}.Release|Any CPU.Build.0 = Release|Any CPU
		{D0329ADC-18D1-4254-9509-C079B7CC4798}.Debug|Any CPU.ActiveCfg = Debug|Any CPU
		{D0329ADC-18D1-4254-9509-C079B7CC4798}.Debug|Any CPU.Build.0 = Debug|Any CPU
		{D0329ADC-18D1-4254-9509-C079B7CC4798}.Release|Any CPU.ActiveCfg = Release|Any CPU
		{D0329ADC-18D1-4254-9509-C079B7CC4798}.Release|Any CPU.Build.0 = Release|Any CPU
		{A7436F21-38CB-4877-AD32-C332F343F0AF}.Debug|Any CPU.ActiveCfg = Debug|Any CPU
		{A7436F21-38CB-4877-AD32-C332F343F0AF}.Debug|Any CPU.Build.0 = Debug|Any CPU
		{A7436F21-38CB-4877-AD32-C332F343F0AF}.Release|Any CPU.ActiveCfg = Release|Any CPU
		{A7436F21-38CB-4877-AD32-C332F343F0AF}.Release|Any CPU.Build.0 = Release|Any CPU
	EndGlobalSection
	GlobalSection(SolutionProperties) = preSolution
		HideSolutionNode = FALSE
	EndGlobalSection
	GlobalSection(ExtensibilityGlobals) = postSolution
		SolutionGuid = {F469E709-1B15-4323-95C9-EB7E021C32B6}
	EndGlobalSection
EndGlobal
